
Microsoft Visual Studio Solution File, Format Version 12.00
# Visual Studio Version 16
VisualStudioVersion = 16.0.31829.152
MinimumVisualStudioVersion = 10.0.40219.1
Project("{FAE04EC0-301F-11D3-BF4B-00C04F79EFBC}") = "WebFileProcessing", "WebFileProcessing\WebFileProcessing.csproj", "{1C8A5302-D208-42BC-82AE-CE1E789334CD}"
EndProject
Global
	GlobalSection(SolutionConfigurationPlatforms) = preSolution
		Debug|Any CPU = Debug|Any CPU
		Release|Any CPU = Release|Any CPU
	EndGlobalSection
	GlobalSection(ProjectConfigurationPlatforms) = postSolution
		{1C8A5302-D208-42BC-82AE-CE1E789334CD}.Debug|Any CPU.ActiveCfg = Debug|Any CPU
		{1C8A5302-D208-42BC-82AE-CE1E789334CD}.Debug|Any CPU.Build.0 = Debug|Any CPU
		{1C8A5302-D208-42BC-82AE-CE1E789334CD}.Release|Any CPU.ActiveCfg = Release|Any CPU
		{1C8A5302-D208-42BC-82AE-CE1E789334CD}.Release|Any CPU.Build.0 = Release|Any CPU
	EndGlobalSection
	GlobalSection(SolutionProperties) = preSolution
		HideSolutionNode = FALSE
	EndGlobalSection
	GlobalSection(ExtensibilityGlobals) = postSolution
		SolutionGuid = {B503CE53-315F-49AF-9384-F89FC86CB68B}
	EndGlobalSection
EndGlobal
